
Microsoft Visual Studio Solution File, Format Version 12.00
# Visual Studio 15
VisualStudioVersion = 15.0.28307.960
MinimumVisualStudioVersion = 10.0.40219.1
Project("{FAE04EC0-301F-11D3-BF4B-00C04F79EFBC}") = "CRMEntityMappingDemo", "CRMEntityMappingDemo\CRMEntityMappingDemo.csproj", "{473D6451-CF84-40EC-9E9C-17890977ACAD}"
EndProject
Global
	GlobalSection(SolutionConfigurationPlatforms) = preSolution
		Debug|Any CPU = Debug|Any CPU
		Release|Any CPU = Release|Any CPU
	EndGlobalSection
	GlobalSection(ProjectConfigurationPlatforms) = postSolution
		{473D6451-CF84-40EC-9E9C-17890977ACAD}.Debug|Any CPU.ActiveCfg = Debug|Any CPU
		{473D6451-CF84-40EC-9E9C-17890977ACAD}.Debug|Any CPU.Build.0 = Debug|Any CPU
		{473D6451-CF84-40EC-9E9C-17890977ACAD}.Release|Any CPU.ActiveCfg = Release|Any CPU
		{473D6451-CF84-40EC-9E9C-17890977ACAD}.Release|Any CPU.Build.0 = Release|Any CPU
	EndGlobalSection
	GlobalSection(SolutionProperties) = preSolution
		HideSolutionNode = FALSE
	EndGlobalSection
	GlobalSection(ExtensibilityGlobals) = postSolution
		SolutionGuid = {DBF3525C-4582-4265-BC5D-21357EE71E58}
	EndGlobalSection
EndGlobal
